// !$*UTF8*$!
{
	archiveVersion = 1;
	classes = {
	};
	objectVersion = 50;
	objects = {

/* Begin PBXBuildFile section */
		DC86B6AD22DE20DA006D6238 /* RequestResponseTableViewCell.swift in Sources */ = {isa = PBXBuildFile; fileRef = DC86B6AC22DE20DA006D6238 /* RequestResponseTableViewCell.swift */; };
		DCDDBA9A22DCD32800F95844 /* SignInViewController.swift in Sources */ = {isa = PBXBuildFile; fileRef = DCDDBA9922DCD32800F95844 /* SignInViewController.swift */; };
		DCDDBA9C22DCD33200F95844 /* CreateAccountViewController.swift in Sources */ = {isa = PBXBuildFile; fileRef = DCDDBA9B22DCD33200F95844 /* CreateAccountViewController.swift */; };
		DCDDBA9E22DCDBC100F95844 /* ImagePickerHelper.swift in Sources */ = {isa = PBXBuildFile; fileRef = DCDDBA9D22DCDBC100F95844 /* ImagePickerHelper.swift */; };
		DCDDBAA022DCF11F00F95844 /* FetchUserViewController.swift in Sources */ = {isa = PBXBuildFile; fileRef = DCDDBA9F22DCF11F00F95844 /* FetchUserViewController.swift */; };
		DCE57A2622D50ADD005EE629 /* AppDelegate.swift in Sources */ = {isa = PBXBuildFile; fileRef = DCE57A2522D50ADD005EE629 /* AppDelegate.swift */; };
		DCE57A2B22D50ADD005EE629 /* Main.storyboard in Resources */ = {isa = PBXBuildFile; fileRef = DCE57A2922D50ADD005EE629 /* Main.storyboard */; };
		DCE57A2D22D50ADD005EE629 /* Assets.xcassets in Resources */ = {isa = PBXBuildFile; fileRef = DCE57A2C22D50ADD005EE629 /* Assets.xcassets */; };
		DCE57A3022D50ADD005EE629 /* LaunchScreen.storyboard in Resources */ = {isa = PBXBuildFile; fileRef = DCE57A2E22D50ADD005EE629 /* LaunchScreen.storyboard */; };
		DCE57AAE22D5106F005EE629 /* FirebaseStorage.framework in Frameworks */ = {isa = PBXBuildFile; fileRef = DCE57A9C22D5106E005EE629 /* FirebaseStorage.framework */; };
		DCE57AAF22D5106F005EE629 /* gRPC-C++.framework in Frameworks */ = {isa = PBXBuildFile; fileRef = DCE57A9D22D5106E005EE629 /* gRPC-C++.framework */; settings = {ATTRIBUTES = (Required, ); }; };
		DCE57AB022D5106F005EE629 /* FirebaseFirestore.framework in Frameworks */ = {isa = PBXBuildFile; fileRef = DCE57A9E22D5106E005EE629 /* FirebaseFirestore.framework */; };
		DCE57AB122D5106F005EE629 /* gRPC-Core.framework in Frameworks */ = {isa = PBXBuildFile; fileRef = DCE57A9F22D5106E005EE629 /* gRPC-Core.framework */; };
		DCE57AB222D5106F005EE629 /* FIRAnalyticsConnector.framework in Frameworks */ = {isa = PBXBuildFile; fileRef = DCE57AA022D5106E005EE629 /* FIRAnalyticsConnector.framework */; };
		DCE57AB322D5106F005EE629 /* FirebaseAuth.framework in Frameworks */ = {isa = PBXBuildFile; fileRef = DCE57AA122D5106E005EE629 /* FirebaseAuth.framework */; };
		DCE57AB422D5106F005EE629 /* FirebaseAnalytics.framework in Frameworks */ = {isa = PBXBuildFile; fileRef = DCE57AA222D5106E005EE629 /* FirebaseAnalytics.framework */; };
		DCE57AB522D5106F005EE629 /* FirebaseInstanceID.framework in Frameworks */ = {isa = PBXBuildFile; fileRef = DCE57AA322D5106E005EE629 /* FirebaseInstanceID.framework */; };
		DCE57AB622D5106F005EE629 /* Protobuf.framework in Frameworks */ = {isa = PBXBuildFile; fileRef = DCE57AA422D5106E005EE629 /* Protobuf.framework */; };
		DCE57AB722D5106F005EE629 /* FirebaseCoreDiagnostics.framework in Frameworks */ = {isa = PBXBuildFile; fileRef = DCE57AA522D5106F005EE629 /* FirebaseCoreDiagnostics.framework */; };
		DCE57AB922D5106F005EE629 /* FirebaseCore.framework in Frameworks */ = {isa = PBXBuildFile; fileRef = DCE57AA722D5106F005EE629 /* FirebaseCore.framework */; };
		DCE57ABA22D5106F005EE629 /* GoogleAppMeasurement.framework in Frameworks */ = {isa = PBXBuildFile; fileRef = DCE57AA822D5106F005EE629 /* GoogleAppMeasurement.framework */; };
		DCE57ABB22D5106F005EE629 /* BoringSSL-GRPC.framework in Frameworks */ = {isa = PBXBuildFile; fileRef = DCE57AA922D5106F005EE629 /* BoringSSL-GRPC.framework */; };
		DCE57ABC22D5106F005EE629 /* GoogleUtilities.framework in Frameworks */ = {isa = PBXBuildFile; fileRef = DCE57AAA22D5106F005EE629 /* GoogleUtilities.framework */; };
		DCE57ABD22D5106F005EE629 /* GTMSessionFetcher.framework in Frameworks */ = {isa = PBXBuildFile; fileRef = DCE57AAB22D5106F005EE629 /* GTMSessionFetcher.framework */; };
		DCE57ABE22D5106F005EE629 /* leveldb-library.framework in Frameworks */ = {isa = PBXBuildFile; fileRef = DCE57AAC22D5106F005EE629 /* leveldb-library.framework */; };
		DCE57ABF22D5106F005EE629 /* nanopb.framework in Frameworks */ = {isa = PBXBuildFile; fileRef = DCE57AAD22D5106F005EE629 /* nanopb.framework */; };
		DCE57AC222D51091005EE629 /* libsqlite3.tbd in Frameworks */ = {isa = PBXBuildFile; fileRef = DCE57AC122D51091005EE629 /* libsqlite3.tbd */; };
		DCE57AC422D5109F005EE629 /* libc++.tbd in Frameworks */ = {isa = PBXBuildFile; fileRef = DCE57AC322D5109F005EE629 /* libc++.tbd */; };
		DCE57AC622D510A4005EE629 /* StoreKit.framework in Frameworks */ = {isa = PBXBuildFile; fileRef = DCE57AC522D510A4005EE629 /* StoreKit.framework */; };
		DCE57AC822D510E3005EE629 /* gRPCCertificates-Cpp.bundle in Resources */ = {isa = PBXBuildFile; fileRef = DCE57AC722D510E3005EE629 /* gRPCCertificates-Cpp.bundle */; };
		DCE57ACB22D5123B005EE629 /* Request.swift in Sources */ = {isa = PBXBuildFile; fileRef = DCE57ACA22D5123B005EE629 /* Request.swift */; };
		DCE57ACD22D5145C005EE629 /* Video.swift in Sources */ = {isa = PBXBuildFile; fileRef = DCE57ACC22D5145C005EE629 /* Video.swift */; };
		DCE57ACF22D5149A005EE629 /* User.swift in Sources */ = {isa = PBXBuildFile; fileRef = DCE57ACE22D5149A005EE629 /* User.swift */; };
		DCE57AD322D518E0005EE629 /* Constants.swift in Sources */ = {isa = PBXBuildFile; fileRef = DCE57AD222D518E0005EE629 /* Constants.swift */; };
		DCE57AD822D5314D005EE629 /* UserRequestTableViewController.swift in Sources */ = {isa = PBXBuildFile; fileRef = DCE57AD722D5314D005EE629 /* UserRequestTableViewController.swift */; };
		DCE57ADB22D53190005EE629 /* CreateRequestViewController.swift in Sources */ = {isa = PBXBuildFile; fileRef = DCE57ADA22D53190005EE629 /* CreateRequestViewController.swift */; };
		DCE57ADD22D531AF005EE629 /* PendingRequestDetailViewController.swift in Sources */ = {isa = PBXBuildFile; fileRef = DCE57ADC22D531AF005EE629 /* PendingRequestDetailViewController.swift */; };
		DCE57ADF22D531BE005EE629 /* ReadyForPaymentViewController.swift in Sources */ = {isa = PBXBuildFile; fileRef = DCE57ADE22D531BE005EE629 /* ReadyForPaymentViewController.swift */; };
		DCE57AE122D53389005EE629 /* RequestController.swift in Sources */ = {isa = PBXBuildFile; fileRef = DCE57AE022D53389005EE629 /* RequestController.swift */; };
		DCE57AE322D53399005EE629 /* UserController.swift in Sources */ = {isa = PBXBuildFile; fileRef = DCE57AE222D53399005EE629 /* UserController.swift */; };
		DCE57AE522D5340A005EE629 /* UserProfileViewController.swift in Sources */ = {isa = PBXBuildFile; fileRef = DCE57AE422D5340A005EE629 /* UserProfileViewController.swift */; };
		DCE57AE722D54EA9005EE629 /* GoogleService-Info.plist in Resources */ = {isa = PBXBuildFile; fileRef = DCE57AE622D54EA9005EE629 /* GoogleService-Info.plist */; };
		DCE57AEC22D662F4005EE629 /* UserRequestTableViewCell.swift in Sources */ = {isa = PBXBuildFile; fileRef = DCE57AEB22D662F4005EE629 /* UserRequestTableViewCell.swift */; };
/* End PBXBuildFile section */

/* Begin PBXFileReference section */
		DC86B6AC22DE20DA006D6238 /* RequestResponseTableViewCell.swift */ = {isa = PBXFileReference; lastKnownFileType = sourcecode.swift; path = RequestResponseTableViewCell.swift; sourceTree = "<group>"; };
		DCDDBA9922DCD32800F95844 /* SignInViewController.swift */ = {isa = PBXFileReference; lastKnownFileType = sourcecode.swift; path = SignInViewController.swift; sourceTree = "<group>"; };
		DCDDBA9B22DCD33200F95844 /* CreateAccountViewController.swift */ = {isa = PBXFileReference; lastKnownFileType = sourcecode.swift; path = CreateAccountViewController.swift; sourceTree = "<group>"; };
		DCDDBA9D22DCDBC100F95844 /* ImagePickerHelper.swift */ = {isa = PBXFileReference; lastKnownFileType = sourcecode.swift; path = ImagePickerHelper.swift; sourceTree = "<group>"; };
		DCDDBA9F22DCF11F00F95844 /* FetchUserViewController.swift */ = {isa = PBXFileReference; lastKnownFileType = sourcecode.swift; path = FetchUserViewController.swift; sourceTree = "<group>"; };
		DCE57A2222D50ADD005EE629 /* Kaden_SoloProject.app */ = {isa = PBXFileReference; explicitFileType = wrapper.application; includeInIndex = 0; path = Kaden_SoloProject.app; sourceTree = BUILT_PRODUCTS_DIR; };
		DCE57A2522D50ADD005EE629 /* AppDelegate.swift */ = {isa = PBXFileReference; lastKnownFileType = sourcecode.swift; path = AppDelegate.swift; sourceTree = "<group>"; };
		DCE57A2A22D50ADD005EE629 /* Base */ = {isa = PBXFileReference; lastKnownFileType = file.storyboard; name = Base; path = Base.lproj/Main.storyboard; sourceTree = "<group>"; };
		DCE57A2C22D50ADD005EE629 /* Assets.xcassets */ = {isa = PBXFileReference; lastKnownFileType = folder.assetcatalog; path = Assets.xcassets; sourceTree = "<group>"; };
		DCE57A2F22D50ADD005EE629 /* Base */ = {isa = PBXFileReference; lastKnownFileType = file.storyboard; name = Base; path = Base.lproj/LaunchScreen.storyboard; sourceTree = "<group>"; };
		DCE57A3122D50ADD005EE629 /* Info.plist */ = {isa = PBXFileReference; lastKnownFileType = text.plist.xml; path = Info.plist; sourceTree = "<group>"; };
		DCE57A9C22D5106E005EE629 /* FirebaseStorage.framework */ = {isa = PBXFileReference; lastKnownFileType = wrapper.framework; name = FirebaseStorage.framework; path = Kaden_SoloProject/Frameworks/FirebaseStorage.framework; sourceTree = SOURCE_ROOT; };
		DCE57A9D22D5106E005EE629 /* gRPC-C++.framework */ = {isa = PBXFileReference; lastKnownFileType = wrapper.framework; name = "gRPC-C++.framework"; path = "Kaden_SoloProject/Frameworks/gRPC-C++.framework"; sourceTree = SOURCE_ROOT; };
		DCE57A9E22D5106E005EE629 /* FirebaseFirestore.framework */ = {isa = PBXFileReference; lastKnownFileType = wrapper.framework; name = FirebaseFirestore.framework; path = Kaden_SoloProject/Frameworks/FirebaseFirestore.framework; sourceTree = SOURCE_ROOT; };
		DCE57A9F22D5106E005EE629 /* gRPC-Core.framework */ = {isa = PBXFileReference; lastKnownFileType = wrapper.framework; name = "gRPC-Core.framework"; path = "Kaden_SoloProject/Frameworks/gRPC-Core.framework"; sourceTree = SOURCE_ROOT; };
		DCE57AA022D5106E005EE629 /* FIRAnalyticsConnector.framework */ = {isa = PBXFileReference; lastKnownFileType = wrapper.framework; name = FIRAnalyticsConnector.framework; path = Kaden_SoloProject/Frameworks/FIRAnalyticsConnector.framework; sourceTree = SOURCE_ROOT; };
		DCE57AA122D5106E005EE629 /* FirebaseAuth.framework */ = {isa = PBXFileReference; lastKnownFileType = wrapper.framework; name = FirebaseAuth.framework; path = Kaden_SoloProject/Frameworks/FirebaseAuth.framework; sourceTree = SOURCE_ROOT; };
		DCE57AA222D5106E005EE629 /* FirebaseAnalytics.framework */ = {isa = PBXFileReference; lastKnownFileType = wrapper.framework; name = FirebaseAnalytics.framework; path = Kaden_SoloProject/Frameworks/FirebaseAnalytics.framework; sourceTree = SOURCE_ROOT; };
		DCE57AA322D5106E005EE629 /* FirebaseInstanceID.framework */ = {isa = PBXFileReference; lastKnownFileType = wrapper.framework; name = FirebaseInstanceID.framework; path = Kaden_SoloProject/Frameworks/FirebaseInstanceID.framework; sourceTree = SOURCE_ROOT; };
		DCE57AA422D5106E005EE629 /* Protobuf.framework */ = {isa = PBXFileReference; lastKnownFileType = wrapper.framework; name = Protobuf.framework; path = Kaden_SoloProject/Frameworks/Protobuf.framework; sourceTree = SOURCE_ROOT; };
		DCE57AA522D5106F005EE629 /* FirebaseCoreDiagnostics.framework */ = {isa = PBXFileReference; lastKnownFileType = wrapper.framework; name = FirebaseCoreDiagnostics.framework; path = Kaden_SoloProject/Frameworks/FirebaseCoreDiagnostics.framework; sourceTree = SOURCE_ROOT; };
		DCE57AA622D5106F005EE629 /* Firebase.framework */ = {isa = PBXFileReference; lastKnownFileType = wrapper.framework; name = Firebase.framework; path = Kaden_SoloProject/Frameworks/Firebase.framework; sourceTree = SOURCE_ROOT; };
		DCE57AA722D5106F005EE629 /* FirebaseCore.framework */ = {isa = PBXFileReference; lastKnownFileType = wrapper.framework; name = FirebaseCore.framework; path = Kaden_SoloProject/Frameworks/FirebaseCore.framework; sourceTree = SOURCE_ROOT; };
		DCE57AA822D5106F005EE629 /* GoogleAppMeasurement.framework */ = {isa = PBXFileReference; lastKnownFileType = wrapper.framework; name = GoogleAppMeasurement.framework; path = Kaden_SoloProject/Frameworks/GoogleAppMeasurement.framework; sourceTree = SOURCE_ROOT; };
		DCE57AA922D5106F005EE629 /* BoringSSL-GRPC.framework */ = {isa = PBXFileReference; lastKnownFileType = wrapper.framework; name = "BoringSSL-GRPC.framework"; path = "Kaden_SoloProject/Frameworks/BoringSSL-GRPC.framework"; sourceTree = SOURCE_ROOT; };
		DCE57AAA22D5106F005EE629 /* GoogleUtilities.framework */ = {isa = PBXFileReference; lastKnownFileType = wrapper.framework; name = GoogleUtilities.framework; path = Kaden_SoloProject/Frameworks/GoogleUtilities.framework; sourceTree = SOURCE_ROOT; };
		DCE57AAB22D5106F005EE629 /* GTMSessionFetcher.framework */ = {isa = PBXFileReference; lastKnownFileType = wrapper.framework; name = GTMSessionFetcher.framework; path = Kaden_SoloProject/Frameworks/GTMSessionFetcher.framework; sourceTree = SOURCE_ROOT; };
		DCE57AAC22D5106F005EE629 /* leveldb-library.framework */ = {isa = PBXFileReference; lastKnownFileType = wrapper.framework; name = "leveldb-library.framework"; path = "Kaden_SoloProject/Frameworks/leveldb-library.framework"; sourceTree = SOURCE_ROOT; };
		DCE57AAD22D5106F005EE629 /* nanopb.framework */ = {isa = PBXFileReference; lastKnownFileType = wrapper.framework; name = nanopb.framework; path = Kaden_SoloProject/Frameworks/nanopb.framework; sourceTree = SOURCE_ROOT; };
		DCE57AC122D51091005EE629 /* libsqlite3.tbd */ = {isa = PBXFileReference; lastKnownFileType = "sourcecode.text-based-dylib-definition"; name = libsqlite3.tbd; path = usr/lib/libsqlite3.tbd; sourceTree = SDKROOT; };
		DCE57AC322D5109F005EE629 /* libc++.tbd */ = {isa = PBXFileReference; lastKnownFileType = "sourcecode.text-based-dylib-definition"; name = "libc++.tbd"; path = "usr/lib/libc++.tbd"; sourceTree = SDKROOT; };
		DCE57AC522D510A4005EE629 /* StoreKit.framework */ = {isa = PBXFileReference; lastKnownFileType = wrapper.framework; name = StoreKit.framework; path = System/Library/Frameworks/StoreKit.framework; sourceTree = SDKROOT; };
		DCE57AC722D510E3005EE629 /* gRPCCertificates-Cpp.bundle */ = {isa = PBXFileReference; lastKnownFileType = "wrapper.plug-in"; name = "gRPCCertificates-Cpp.bundle"; path = "Carthage/Build/iOS/FirebaseFirestore.framework/gRPCCertificates-Cpp.bundle"; sourceTree = "<group>"; };
		DCE57ACA22D5123B005EE629 /* Request.swift */ = {isa = PBXFileReference; lastKnownFileType = sourcecode.swift; path = Request.swift; sourceTree = "<group>"; };
		DCE57ACC22D5145C005EE629 /* Video.swift */ = {isa = PBXFileReference; lastKnownFileType = sourcecode.swift; path = Video.swift; sourceTree = "<group>"; };
		DCE57ACE22D5149A005EE629 /* User.swift */ = {isa = PBXFileReference; lastKnownFileType = sourcecode.swift; path = User.swift; sourceTree = "<group>"; };
		DCE57AD222D518E0005EE629 /* Constants.swift */ = {isa = PBXFileReference; lastKnownFileType = sourcecode.swift; path = Constants.swift; sourceTree = "<group>"; };
		DCE57AD722D5314D005EE629 /* UserRequestTableViewController.swift */ = {isa = PBXFileReference; lastKnownFileType = sourcecode.swift; path = UserRequestTableViewController.swift; sourceTree = "<group>"; };
		DCE57ADA22D53190005EE629 /* CreateRequestViewController.swift */ = {isa = PBXFileReference; lastKnownFileType = sourcecode.swift; path = CreateRequestViewController.swift; sourceTree = "<group>"; };
		DCE57ADC22D531AF005EE629 /* PendingRequestDetailViewController.swift */ = {isa = PBXFileReference; lastKnownFileType = sourcecode.swift; path = PendingRequestDetailViewController.swift; sourceTree = "<group>"; };
		DCE57ADE22D531BE005EE629 /* ReadyForPaymentViewController.swift */ = {isa = PBXFileReference; lastKnownFileType = sourcecode.swift; path = ReadyForPaymentViewController.swift; sourceTree = "<group>"; };
		DCE57AE022D53389005EE629 /* RequestController.swift */ = {isa = PBXFileReference; lastKnownFileType = sourcecode.swift; path = RequestController.swift; sourceTree = "<group>"; };
		DCE57AE222D53399005EE629 /* UserController.swift */ = {isa = PBXFileReference; lastKnownFileType = sourcecode.swift; path = UserController.swift; sourceTree = "<group>"; };
		DCE57AE422D5340A005EE629 /* UserProfileViewController.swift */ = {isa = PBXFileReference; lastKnownFileType = sourcecode.swift; path = UserProfileViewController.swift; sourceTree = "<group>"; };
		DCE57AE622D54EA9005EE629 /* GoogleService-Info.plist */ = {isa = PBXFileReference; fileEncoding = 4; lastKnownFileType = text.plist.xml; path = "GoogleService-Info.plist"; sourceTree = "<group>"; };
		DCE57AEB22D662F4005EE629 /* UserRequestTableViewCell.swift */ = {isa = PBXFileReference; lastKnownFileType = sourcecode.swift; path = UserRequestTableViewCell.swift; sourceTree = "<group>"; };
/* End PBXFileReference section */

/* Begin PBXFrameworksBuildPhase section */
		DCE57A1F22D50ADD005EE629 /* Frameworks */ = {
			isa = PBXFrameworksBuildPhase;
			buildActionMask = 2147483647;
			files = (
				DCE57AC622D510A4005EE629 /* StoreKit.framework in Frameworks */,
				DCE57AC422D5109F005EE629 /* libc++.tbd in Frameworks */,
				DCE57AC222D51091005EE629 /* libsqlite3.tbd in Frameworks */,
				DCE57AAF22D5106F005EE629 /* gRPC-C++.framework in Frameworks */,
				DCE57AB122D5106F005EE629 /* gRPC-Core.framework in Frameworks */,
				DCE57AAE22D5106F005EE629 /* FirebaseStorage.framework in Frameworks */,
				DCE57ABC22D5106F005EE629 /* GoogleUtilities.framework in Frameworks */,
				DCE57ABF22D5106F005EE629 /* nanopb.framework in Frameworks */,
				DCE57ABD22D5106F005EE629 /* GTMSessionFetcher.framework in Frameworks */,
				DCE57AB522D5106F005EE629 /* FirebaseInstanceID.framework in Frameworks */,
				DCE57ABB22D5106F005EE629 /* BoringSSL-GRPC.framework in Frameworks */,
				DCE57ABA22D5106F005EE629 /* GoogleAppMeasurement.framework in Frameworks */,
				DCE57ABE22D5106F005EE629 /* leveldb-library.framework in Frameworks */,
				DCE57AB322D5106F005EE629 /* FirebaseAuth.framework in Frameworks */,
				DCE57AB422D5106F005EE629 /* FirebaseAnalytics.framework in Frameworks */,
				DCE57AB222D5106F005EE629 /* FIRAnalyticsConnector.framework in Frameworks */,
				DCE57AB922D5106F005EE629 /* FirebaseCore.framework in Frameworks */,
				DCE57AB722D5106F005EE629 /* FirebaseCoreDiagnostics.framework in Frameworks */,
				DCE57AB022D5106F005EE629 /* FirebaseFirestore.framework in Frameworks */,
				DCE57AB622D5106F005EE629 /* Protobuf.framework in Frameworks */,
			);
			runOnlyForDeploymentPostprocessing = 0;
		};
/* End PBXFrameworksBuildPhase section */

/* Begin PBXGroup section */
		DCE57A1922D50ADD005EE629 = {
			isa = PBXGroup;
			children = (
				DCE57AC722D510E3005EE629 /* gRPCCertificates-Cpp.bundle */,
				DCE57A2422D50ADD005EE629 /* Kaden_SoloProject */,
				DCE57A2322D50ADD005EE629 /* Products */,
				DCE57AC022D51091005EE629 /* Frameworks */,
			);
			sourceTree = "<group>";
		};
		DCE57A2322D50ADD005EE629 /* Products */ = {
			isa = PBXGroup;
			children = (
				DCE57A2222D50ADD005EE629 /* Kaden_SoloProject.app */,
			);
			name = Products;
			sourceTree = "<group>";
		};
		DCE57A2422D50ADD005EE629 /* Kaden_SoloProject */ = {
			isa = PBXGroup;
			children = (
				DCE57AD422D52CB5005EE629 /* Frameworks */,
				DCE57A2922D50ADD005EE629 /* Main.storyboard */,
				DCE57A3722D50AF3005EE629 /* Resources */,
				DCE57AC922D51139005EE629 /* Models */,
				DCE57AD522D52E4F005EE629 /* Controllers */,
				DCE57AD622D5311E005EE629 /* ViewControllers */,
				DCDDBA9D22DCDBC100F95844 /* ImagePickerHelper.swift */,
			);
			path = Kaden_SoloProject;
			sourceTree = "<group>";
		};
		DCE57A3722D50AF3005EE629 /* Resources */ = {
			isa = PBXGroup;
			children = (
				DCE57A2522D50ADD005EE629 /* AppDelegate.swift */,
				DCE57A2C22D50ADD005EE629 /* Assets.xcassets */,
				DCE57A2E22D50ADD005EE629 /* LaunchScreen.storyboard */,
				DCE57A3122D50ADD005EE629 /* Info.plist */,
				DCE57AE622D54EA9005EE629 /* GoogleService-Info.plist */,
			);
			path = Resources;
			sourceTree = "<group>";
		};
		DCE57AC022D51091005EE629 /* Frameworks */ = {
			isa = PBXGroup;
			children = (
				DCE57AC522D510A4005EE629 /* StoreKit.framework */,
				DCE57AC322D5109F005EE629 /* libc++.tbd */,
				DCE57AC122D51091005EE629 /* libsqlite3.tbd */,
			);
			name = Frameworks;
			sourceTree = "<group>";
		};
		DCE57AC922D51139005EE629 /* Models */ = {
			isa = PBXGroup;
			children = (
				DCE57ACA22D5123B005EE629 /* Request.swift */,
				DCE57ACC22D5145C005EE629 /* Video.swift */,
				DCE57ACE22D5149A005EE629 /* User.swift */,
				DCE57AD222D518E0005EE629 /* Constants.swift */,
			);
			path = Models;
			sourceTree = "<group>";
		};
		DCE57AD422D52CB5005EE629 /* Frameworks */ = {
			isa = PBXGroup;
			children = (
				DCE57AA922D5106F005EE629 /* BoringSSL-GRPC.framework */,
				DCE57AA022D5106E005EE629 /* FIRAnalyticsConnector.framework */,
				DCE57AA622D5106F005EE629 /* Firebase.framework */,
				DCE57AA222D5106E005EE629 /* FirebaseAnalytics.framework */,
				DCE57AA122D5106E005EE629 /* FirebaseAuth.framework */,
				DCE57AA722D5106F005EE629 /* FirebaseCore.framework */,
				DCE57AA522D5106F005EE629 /* FirebaseCoreDiagnostics.framework */,
				DCE57A9E22D5106E005EE629 /* FirebaseFirestore.framework */,
				DCE57AA322D5106E005EE629 /* FirebaseInstanceID.framework */,
				DCE57A9C22D5106E005EE629 /* FirebaseStorage.framework */,
				DCE57AA822D5106F005EE629 /* GoogleAppMeasurement.framework */,
				DCE57AAA22D5106F005EE629 /* GoogleUtilities.framework */,
				DCE57A9D22D5106E005EE629 /* gRPC-C++.framework */,
				DCE57A9F22D5106E005EE629 /* gRPC-Core.framework */,
				DCE57AAB22D5106F005EE629 /* GTMSessionFetcher.framework */,
				DCE57AAC22D5106F005EE629 /* leveldb-library.framework */,
				DCE57AAD22D5106F005EE629 /* nanopb.framework */,
				DCE57AA422D5106E005EE629 /* Protobuf.framework */,
			);
			path = Frameworks;
			sourceTree = "<group>";
		};
		DCE57AD522D52E4F005EE629 /* Controllers */ = {
			isa = PBXGroup;
			children = (
				DCE57AEA22D662D5005EE629 /* Views */,
				DCE57AE022D53389005EE629 /* RequestController.swift */,
				DCE57AE222D53399005EE629 /* UserController.swift */,
			);
			path = Controllers;
			sourceTree = "<group>";
		};
		DCE57AD622D5311E005EE629 /* ViewControllers */ = {
			isa = PBXGroup;
			children = (
				DCE57AD922D53162005EE629 /* User ViewControllers */,
				DCDDBA9922DCD32800F95844 /* SignInViewController.swift */,
				DCDDBA9B22DCD33200F95844 /* CreateAccountViewController.swift */,
				DCDDBA9F22DCF11F00F95844 /* FetchUserViewController.swift */,
			);
			path = ViewControllers;
			sourceTree = "<group>";
		};
		DCE57AD922D53162005EE629 /* User ViewControllers */ = {
			isa = PBXGroup;
			children = (
				DCE57AD722D5314D005EE629 /* UserRequestTableViewController.swift */,
				DCE57ADA22D53190005EE629 /* CreateRequestViewController.swift */,
				DCE57ADC22D531AF005EE629 /* PendingRequestDetailViewController.swift */,
				DCE57ADE22D531BE005EE629 /* ReadyForPaymentViewController.swift */,
				DCE57AE422D5340A005EE629 /* UserProfileViewController.swift */,
			);
			path = "User ViewControllers";
			sourceTree = "<group>";
		};
		DCE57AEA22D662D5005EE629 /* Views */ = {
			isa = PBXGroup;
			children = (
				DCE57AEB22D662F4005EE629 /* UserRequestTableViewCell.swift */,
				DC86B6AC22DE20DA006D6238 /* RequestResponseTableViewCell.swift */,
			);
			path = Views;
			sourceTree = "<group>";
		};
/* End PBXGroup section */

/* Begin PBXNativeTarget section */
		DCE57A2122D50ADD005EE629 /* Kaden_SoloProject */ = {
			isa = PBXNativeTarget;
			buildConfigurationList = DCE57A3422D50ADD005EE629 /* Build configuration list for PBXNativeTarget "Kaden_SoloProject" */;
			buildPhases = (
				DCE57A1E22D50ADD005EE629 /* Sources */,
				DCE57A1F22D50ADD005EE629 /* Frameworks */,
				DCE57A2022D50ADD005EE629 /* Resources */,
			);
			buildRules = (
			);
			dependencies = (
			);
			name = Kaden_SoloProject;
			productName = Kaden_SoloProject;
			productReference = DCE57A2222D50ADD005EE629 /* Kaden_SoloProject.app */;
			productType = "com.apple.product-type.application";
		};
/* End PBXNativeTarget section */

/* Begin PBXProject section */
		DCE57A1A22D50ADD005EE629 /* Project object */ = {
			isa = PBXProject;
			attributes = {
				LastSwiftUpdateCheck = 1020;
				LastUpgradeCheck = 1020;
				ORGANIZATIONNAME = DevMountain;
				TargetAttributes = {
					DCE57A2122D50ADD005EE629 = {
						CreatedOnToolsVersion = 10.2.1;
					};
				};
			};
			buildConfigurationList = DCE57A1D22D50ADD005EE629 /* Build configuration list for PBXProject "Kaden_SoloProject" */;
			compatibilityVersion = "Xcode 9.3";
			developmentRegion = en;
			hasScannedForEncodings = 0;
			knownRegions = (
				en,
				Base,
			);
			mainGroup = DCE57A1922D50ADD005EE629;
			productRefGroup = DCE57A2322D50ADD005EE629 /* Products */;
			projectDirPath = "";
			projectRoot = "";
			targets = (
				DCE57A2122D50ADD005EE629 /* Kaden_SoloProject */,
			);
		};
/* End PBXProject section */

/* Begin PBXResourcesBuildPhase section */
		DCE57A2022D50ADD005EE629 /* Resources */ = {
			isa = PBXResourcesBuildPhase;
			buildActionMask = 2147483647;
			files = (
				DCE57AE722D54EA9005EE629 /* GoogleService-Info.plist in Resources */,
				DCE57AC822D510E3005EE629 /* gRPCCertificates-Cpp.bundle in Resources */,
				DCE57A3022D50ADD005EE629 /* LaunchScreen.storyboard in Resources */,
				DCE57A2D22D50ADD005EE629 /* Assets.xcassets in Resources */,
				DCE57A2B22D50ADD005EE629 /* Main.storyboard in Resources */,
			);
			runOnlyForDeploymentPostprocessing = 0;
		};
/* End PBXResourcesBuildPhase section */

/* Begin PBXSourcesBuildPhase section */
		DCE57A1E22D50ADD005EE629 /* Sources */ = {
			isa = PBXSourcesBuildPhase;
			buildActionMask = 2147483647;
			files = (
				DCDDBA9C22DCD33200F95844 /* CreateAccountViewController.swift in Sources */,
				DCDDBA9A22DCD32800F95844 /* SignInViewController.swift in Sources */,
				DCE57AD822D5314D005EE629 /* UserRequestTableViewController.swift in Sources */,
				DCDDBA9E22DCDBC100F95844 /* ImagePickerHelper.swift in Sources */,
				DCE57AE522D5340A005EE629 /* UserProfileViewController.swift in Sources */,
				DCE57AE122D53389005EE629 /* RequestController.swift in Sources */,
				DCE57ADB22D53190005EE629 /* CreateRequestViewController.swift in Sources */,
				DCE57AE322D53399005EE629 /* UserController.swift in Sources */,
				DCE57ACF22D5149A005EE629 /* User.swift in Sources */,
				DCE57AEC22D662F4005EE629 /* UserRequestTableViewCell.swift in Sources */,
				DCDDBAA022DCF11F00F95844 /* FetchUserViewController.swift in Sources */,
				DCE57ADD22D531AF005EE629 /* PendingRequestDetailViewController.swift in Sources */,
				DCE57A2622D50ADD005EE629 /* AppDelegate.swift in Sources */,
				DCE57ACD22D5145C005EE629 /* Video.swift in Sources */,
				DC86B6AD22DE20DA006D6238 /* RequestResponseTableViewCell.swift in Sources */,
				DCE57ACB22D5123B005EE629 /* Request.swift in Sources */,
				DCE57AD322D518E0005EE629 /* Constants.swift in Sources */,
				DCE57ADF22D531BE005EE629 /* ReadyForPaymentViewController.swift in Sources */,
			);
			runOnlyForDeploymentPostprocessing = 0;
		};
/* End PBXSourcesBuildPhase section */

/* Begin PBXVariantGroup section */
		DCE57A2922D50ADD005EE629 /* Main.storyboard */ = {
			isa = PBXVariantGroup;
			children = (
				DCE57A2A22D50ADD005EE629 /* Base */,
			);
			name = Main.storyboard;
			sourceTree = "<group>";
		};
		DCE57A2E22D50ADD005EE629 /* LaunchScreen.storyboard */ = {
			isa = PBXVariantGroup;
			children = (
				DCE57A2F22D50ADD005EE629 /* Base */,
			);
			name = LaunchScreen.storyboard;
			sourceTree = "<group>";
		};
/* End PBXVariantGroup section */

/* Begin XCBuildConfiguration section */
		DCE57A3222D50ADD005EE629 /* Debug */ = {
			isa = XCBuildConfiguration;
			buildSettings = {
				ALWAYS_SEARCH_USER_PATHS = NO;
				CLANG_ANALYZER_NONNULL = YES;
				CLANG_ANALYZER_NUMBER_OBJECT_CONVERSION = YES_AGGRESSIVE;
				CLANG_CXX_LANGUAGE_STANDARD = "gnu++14";
				CLANG_CXX_LIBRARY = "libc++";
				CLANG_ENABLE_MODULES = YES;
				CLANG_ENABLE_OBJC_ARC = YES;
				CLANG_ENABLE_OBJC_WEAK = YES;
				CLANG_WARN_BLOCK_CAPTURE_AUTORELEASING = YES;
				CLANG_WARN_BOOL_CONVERSION = YES;
				CLANG_WARN_COMMA = YES;
				CLANG_WARN_CONSTANT_CONVERSION = YES;
				CLANG_WARN_DEPRECATED_OBJC_IMPLEMENTATIONS = YES;
				CLANG_WARN_DIRECT_OBJC_ISA_USAGE = YES_ERROR;
				CLANG_WARN_DOCUMENTATION_COMMENTS = YES;
				CLANG_WARN_EMPTY_BODY = YES;
				CLANG_WARN_ENUM_CONVERSION = YES;
				CLANG_WARN_INFINITE_RECURSION = YES;
				CLANG_WARN_INT_CONVERSION = YES;
				CLANG_WARN_NON_LITERAL_NULL_CONVERSION = YES;
				CLANG_WARN_OBJC_IMPLICIT_RETAIN_SELF = YES;
				CLANG_WARN_OBJC_LITERAL_CONVERSION = YES;
				CLANG_WARN_OBJC_ROOT_CLASS = YES_ERROR;
				CLANG_WARN_RANGE_LOOP_ANALYSIS = YES;
				CLANG_WARN_STRICT_PROTOTYPES = YES;
				CLANG_WARN_SUSPICIOUS_MOVE = YES;
				CLANG_WARN_UNGUARDED_AVAILABILITY = YES_AGGRESSIVE;
				CLANG_WARN_UNREACHABLE_CODE = YES;
				CLANG_WARN__DUPLICATE_METHOD_MATCH = YES;
				CODE_SIGN_IDENTITY = "iPhone Developer";
				COPY_PHASE_STRIP = NO;
				DEBUG_INFORMATION_FORMAT = dwarf;
				ENABLE_STRICT_OBJC_MSGSEND = YES;
				ENABLE_TESTABILITY = YES;
				GCC_C_LANGUAGE_STANDARD = gnu11;
				GCC_DYNAMIC_NO_PIC = NO;
				GCC_NO_COMMON_BLOCKS = YES;
				GCC_OPTIMIZATION_LEVEL = 0;
				GCC_PREPROCESSOR_DEFINITIONS = (
					"DEBUG=1",
					"$(inherited)",
				);
				GCC_WARN_64_TO_32_BIT_CONVERSION = YES;
				GCC_WARN_ABOUT_RETURN_TYPE = YES_ERROR;
				GCC_WARN_UNDECLARED_SELECTOR = YES;
				GCC_WARN_UNINITIALIZED_AUTOS = YES_AGGRESSIVE;
				GCC_WARN_UNUSED_FUNCTION = YES;
				GCC_WARN_UNUSED_VARIABLE = YES;
				IPHONEOS_DEPLOYMENT_TARGET = 12.2;
				MTL_ENABLE_DEBUG_INFO = INCLUDE_SOURCE;
				MTL_FAST_MATH = YES;
				ONLY_ACTIVE_ARCH = YES;
				SDKROOT = iphoneos;
				SWIFT_ACTIVE_COMPILATION_CONDITIONS = DEBUG;
				SWIFT_OPTIMIZATION_LEVEL = "-Onone";
			};
			name = Debug;
		};
		DCE57A3322D50ADD005EE629 /* Release */ = {
			isa = XCBuildConfiguration;
			buildSettings = {
				ALWAYS_SEARCH_USER_PATHS = NO;
				CLANG_ANALYZER_NONNULL = YES;
				CLANG_ANALYZER_NUMBER_OBJECT_CONVERSION = YES_AGGRESSIVE;
				CLANG_CXX_LANGUAGE_STANDARD = "gnu++14";
				CLANG_CXX_LIBRARY = "libc++";
				CLANG_ENABLE_MODULES = YES;
				CLANG_ENABLE_OBJC_ARC = YES;
				CLANG_ENABLE_OBJC_WEAK = YES;
				CLANG_WARN_BLOCK_CAPTURE_AUTORELEASING = YES;
				CLANG_WARN_BOOL_CONVERSION = YES;
				CLANG_WARN_COMMA = YES;
				CLANG_WARN_CONSTANT_CONVERSION = YES;
				CLANG_WARN_DEPRECATED_OBJC_IMPLEMENTATIONS = YES;
				CLANG_WARN_DIRECT_OBJC_ISA_USAGE = YES_ERROR;
				CLANG_WARN_DOCUMENTATION_COMMENTS = YES;
				CLANG_WARN_EMPTY_BODY = YES;
				CLANG_WARN_ENUM_CONVERSION = YES;
				CLANG_WARN_INFINITE_RECURSION = YES;
				CLANG_WARN_INT_CONVERSION = YES;
				CLANG_WARN_NON_LITERAL_NULL_CONVERSION = YES;
				CLANG_WARN_OBJC_IMPLICIT_RETAIN_SELF = YES;
				CLANG_WARN_OBJC_LITERAL_CONVERSION = YES;
				CLANG_WARN_OBJC_ROOT_CLASS = YES_ERROR;
				CLANG_WARN_RANGE_LOOP_ANALYSIS = YES;
				CLANG_WARN_STRICT_PROTOTYPES = YES;
				CLANG_WARN_SUSPICIOUS_MOVE = YES;
				CLANG_WARN_UNGUARDED_AVAILABILITY = YES_AGGRESSIVE;
				CLANG_WARN_UNREACHABLE_CODE = YES;
				CLANG_WARN__DUPLICATE_METHOD_MATCH = YES;
				CODE_SIGN_IDENTITY = "iPhone Developer";
				COPY_PHASE_STRIP = NO;
				DEBUG_INFORMATION_FORMAT = "dwarf-with-dsym";
				ENABLE_NS_ASSERTIONS = NO;
				ENABLE_STRICT_OBJC_MSGSEND = YES;
				GCC_C_LANGUAGE_STANDARD = gnu11;
				GCC_NO_COMMON_BLOCKS = YES;
				GCC_WARN_64_TO_32_BIT_CONVERSION = YES;
				GCC_WARN_ABOUT_RETURN_TYPE = YES_ERROR;
				GCC_WARN_UNDECLARED_SELECTOR = YES;
				GCC_WARN_UNINITIALIZED_AUTOS = YES_AGGRESSIVE;
				GCC_WARN_UNUSED_FUNCTION = YES;
				GCC_WARN_UNUSED_VARIABLE = YES;
				IPHONEOS_DEPLOYMENT_TARGET = 12.2;
				MTL_ENABLE_DEBUG_INFO = NO;
				MTL_FAST_MATH = YES;
				SDKROOT = iphoneos;
				SWIFT_COMPILATION_MODE = wholemodule;
				SWIFT_OPTIMIZATION_LEVEL = "-O";
				VALIDATE_PRODUCT = YES;
			};
			name = Release;
		};
		DCE57A3522D50ADD005EE629 /* Debug */ = {
			isa = XCBuildConfiguration;
			buildSettings = {
				ASSETCATALOG_COMPILER_APPICON_NAME = AppIcon;
				CODE_SIGN_STYLE = Automatic;
				DEVELOPMENT_TEAM = DT6NQCY8FM;
				FRAMEWORK_SEARCH_PATHS = (
					"$(inherited)",
					"$(PROJECT_DIR)/Carthage/Build/iOS",
				);
				INFOPLIST_FILE = "$(SRCROOT)/Kaden_SoloProject/Resources/Info.plist";
				LD_RUNPATH_SEARCH_PATHS = (
					"$(inherited)",
					"@executable_path/Frameworks",
				);
				OTHER_LDFLAGS = (
					"$(OTHER_LDFLAGS)",
					"-ObjC",
				);
				PRODUCT_BUNDLE_IDENTIFIER = "KadenDevMountain.Kaden-SoloProject";
				PRODUCT_NAME = "$(TARGET_NAME)";
				SWIFT_VERSION = 5.0;
				TARGETED_DEVICE_FAMILY = "1,2";
			};
			name = Debug;
		};
		DCE57A3622D50ADD005EE629 /* Release */ = {
			isa = XCBuildConfiguration;
			buildSettings = {
				ASSETCATALOG_COMPILER_APPICON_NAME = AppIcon;
				CODE_SIGN_STYLE = Automatic;
				DEVELOPMENT_TEAM = DT6NQCY8FM;
				FRAMEWORK_SEARCH_PATHS = (
					"$(inherited)",
					"$(PROJECT_DIR)/Carthage/Build/iOS",
				);
				INFOPLIST_FILE = "$(SRCROOT)/Kaden_SoloProject/Resources/Info.plist";
				LD_RUNPATH_SEARCH_PATHS = (
					"$(inherited)",
					"@executable_path/Frameworks",
				);
				OTHER_LDFLAGS = (
					"$(OTHER_LDFLAGS)",
					"-ObjC",
				);
				PRODUCT_BUNDLE_IDENTIFIER = "KadenDevMountain.Kaden-SoloProject";
				PRODUCT_NAME = "$(TARGET_NAME)";
				SWIFT_VERSION = 5.0;
				TARGETED_DEVICE_FAMILY = "1,2";
			};
			name = Release;
		};
/* End XCBuildConfiguration section */

/* Begin XCConfigurationList section */
		DCE57A1D22D50ADD005EE629 /* Build configuration list for PBXProject "Kaden_SoloProject" */ = {
			isa = XCConfigurationList;
			buildConfigurations = (
				DCE57A3222D50ADD005EE629 /* Debug */,
				DCE57A3322D50ADD005EE629 /* Release */,
			);
			defaultConfigurationIsVisible = 0;
			defaultConfigurationName = Release;
		};
		DCE57A3422D50ADD005EE629 /* Build configuration list for PBXNativeTarget "Kaden_SoloProject" */ = {
			isa = XCConfigurationList;
			buildConfigurations = (
				DCE57A3522D50ADD005EE629 /* Debug */,
				DCE57A3622D50ADD005EE629 /* Release */,
			);
			defaultConfigurationIsVisible = 0;
			defaultConfigurationName = Release;
		};
/* End XCConfigurationList section */
	};
	rootObject = DCE57A1A22D50ADD005EE629 /* Project object */;
}
